
Microsoft Visual Studio Solution File, Format Version 12.00
# Visual Studio Version 16
VisualStudioVersion = 16.0.30804.86
MinimumVisualStudioVersion = 10.0.40219.1
Project("{FAE04EC0-301F-11D3-BF4B-00C04F79EFBC}") = "Urban Planner", "Urban Planner\Urban Planner.csproj", "{7D41B159-32EC-444E-9B76-BECE2499A18F}"
EndProject
Global
	GlobalSection(SolutionConfigurationPlatforms) = preSolution
		Debug|Any CPU = Debug|Any CPU
		Release|Any CPU = Release|Any CPU
	EndGlobalSection
	GlobalSection(ProjectConfigurationPlatforms) = postSolution
		{7D41B159-32EC-444E-9B76-BECE2499A18F}.Debug|Any CPU.ActiveCfg = Debug|Any CPU
		{7D41B159-32EC-444E-9B76-BECE2499A18F}.Debug|Any CPU.Build.0 = Debug|Any CPU
		{7D41B159-32EC-444E-9B76-BECE2499A18F}.Release|Any CPU.ActiveCfg = Release|Any CPU
		{7D41B159-32EC-444E-9B76-BECE2499A18F}.Release|Any CPU.Build.0 = Release|Any CPU
	EndGlobalSection
	GlobalSection(SolutionProperties) = preSolution
		HideSolutionNode = FALSE
	EndGlobalSection
	GlobalSection(ExtensibilityGlobals) = postSolution
		SolutionGuid = {890F1919-90F1-4EEE-AED1-7A3A5EF2959A}
	EndGlobalSection
EndGlobal
